github.com/Foxcapades/Go-ChainRequest v2.5.0+incompatible h1:v8PpnwKJ2zgSykrQsTHeJJsv5T1D9zprIHZ/EBmVkF8=
github.com/Foxcapades/Go-ChainRequest v2.5.0+incompatible/go.mod h1:sKBa2PYX7hjF4rQLnUKUPj2QuhTUm417vKB/oqDeXJE=
github.com/VEuPathDB/lib-go-rest-types v0.1.5 h1:k+FZf+XwO6ugtllqvPwDc8jB8sRymJ1VW9cCp5kzfkg=
github.com/VEuPathDB/lib-go-rest-types v0.1.5/go.mod h1:O7nKy0LMNPMHyj12bE4IvuZ2vfZ9j4WaIs72uk7wMNQ=
github.com/gammazero/deque v0.0.0-20200227231300-1e9af0e52b46 h1:iX4+rD9Fjdx8SkmSO/O5WAIX/j79ll3kuqv5VdYt9J8=
github.com/gammazero/deque v0.0.0-20200227231300-1e9af0e52b46/go.mod h1:D90+MBHVc9Sk1lJAbEVgws0eYEurY4mv2TDso3Nxh3w=
github.com/gammazero/workerpool v0.0.0-20200311205957-7b00833861c6 h1:1Cy/haf7XO4OyrkGid0Wq5CMluIErbvDptVAt8UTy38=
github.com/gammazero/workerpool v0.0.0-20200311205957-7b00833861c6/go.mod h1:/XWO2YAUUpPi3smDlFBl0vpX0JHwUomDM/oRMwRmnSs=
github.com/jessevdk/go-flags v1.4.0 h1:4IU2WS7AumrZ/40jfhf4QVDMsQwqA7VEHozFRrGARJA=
github.com/jessevdk/go-flags v1.4.0/go.mod h1:4FA24M0QyGHXBuZZK/XkWh8h0e1EYbRYJSGM75WSRxI=
